
Microsoft Visual Studio Solution File, Format Version 12.00
# Visual Studio 15
VisualStudioVersion = 15.0.27130.2036
MinimumVisualStudioVersion = 10.0.40219.1
Project("{FAE04EC0-301F-11D3-BF4B-00C04F79EFBC}") = "GrandeTravelMVC", "GrandeTravelMVC\GrandeTravelMVC.csproj", "{037D0D90-728A-4AB9-9340-A8E6906CD69B}"
EndProject
Global
	GlobalSection(SolutionConfigurationPlatforms) = preSolution
		Debug|Any CPU = Debug|Any CPU
		Release|Any CPU = Release|Any CPU
	EndGlobalSection
	GlobalSection(ProjectConfigurationPlatforms) = postSolution
		{037D0D90-728A-4AB9-9340-A8E6906CD69B}.Debug|Any CPU.ActiveCfg = Debug|Any CPU
		{037D0D90-728A-4AB9-9340-A8E6906CD69B}.Debug|Any CPU.Build.0 = Debug|Any CPU
		{037D0D90-728A-4AB9-9340-A8E6906CD69B}.Release|Any CPU.ActiveCfg = Release|Any CPU
		{037D0D90-728A-4AB9-9340-A8E6906CD69B}.Release|Any CPU.Build.0 = Release|Any CPU
	EndGlobalSection
	GlobalSection(SolutionProperties) = preSolution
		HideSolutionNode = FALSE
	EndGlobalSection
	GlobalSection(ExtensibilityGlobals) = postSolution
		SolutionGuid = {9E816319-BA47-4160-8CC5-7271774F1782}
	EndGlobalSection
EndGlobal
